
Microsoft Visual Studio Solution File, Format Version 12.00
# Visual Studio Version 17
VisualStudioVersion = 17.7.34221.43
MinimumVisualStudioVersion = 10.0.40219.1
Project("{FAE04EC0-301F-11D3-BF4B-00C04F79EFBC}") = "Thermo", "Thermo.csproj", "{985489FC-39C5-4EC1-A7BD-604222389850}"
EndProject
Global
	GlobalSection(SolutionConfigurationPlatforms) = preSolution
		Debug|Any CPU = Debug|Any CPU
		Release|Any CPU = Release|Any CPU
	EndGlobalSection
	GlobalSection(ProjectConfigurationPlatforms) = postSolution
		{985489FC-39C5-4EC1-A7BD-604222389850}.Debug|Any CPU.ActiveCfg = Debug|Any CPU
		{985489FC-39C5-4EC1-A7BD-604222389850}.Debug|Any CPU.Build.0 = Debug|Any CPU
		{985489FC-39C5-4EC1-A7BD-604222389850}.Release|Any CPU.ActiveCfg = Release|Any CPU
		{985489FC-39C5-4EC1-A7BD-604222389850}.Release|Any CPU.Build.0 = Release|Any CPU
	EndGlobalSection
	GlobalSection(SolutionProperties) = preSolution
		HideSolutionNode = FALSE
	EndGlobalSection
	GlobalSection(ExtensibilityGlobals) = postSolution
		SolutionGuid = {E55D8295-798F-4906-8E98-38938C5BA602}
	EndGlobalSection
EndGlobal
